// !$*UTF8*$!
{
	archiveVersion = 1;
	classes = {
	};
	objectVersion = 50;
	objects = {

/* Begin PBXBuildFile section */
		058F577F2B40309900DB0600 /* main.m in Sources */ = {isa = PBXBuildFile; fileRef = 058F577E2B40309900DB0600 /* main.m */; };
		058F57882B40500800DB0600 /* Figure.m in Sources */ = {isa = PBXBuildFile; fileRef = 058F57872B40500800DB0600 /* Figure.m */; };
		058F578C2B40515400DB0600 /* Rectangle.m in Sources */ = {isa = PBXBuildFile; fileRef = 058F578B2B40515400DB0600 /* Rectangle.m */; };
		058F57902B4052C600DB0600 /* Circle.m in Sources */ = {isa = PBXBuildFile; fileRef = 058F578F2B4052C600DB0600 /* Circle.m */; };
		058F57942B40541700DB0600 /* Triangle.m in Sources */ = {isa = PBXBuildFile; fileRef = 058F57932B40541700DB0600 /* Triangle.m */; };
/* End PBXBuildFile section */

/* Begin PBXCopyFilesBuildPhase section */
		058F57792B40309900DB0600 /* CopyFiles */ = {
			isa = PBXCopyFilesBuildPhase;
			buildActionMask = 2147483647;
			dstPath = /usr/share/man/man1/;
			dstSubfolderSpec = 0;
			files = (
			);
			runOnlyForDeploymentPostprocessing = 1;
		};
/* End PBXCopyFilesBuildPhase section */

/* Begin PBXFileReference section */
		058F577B2B40309900DB0600 /* lesson2 */ = {isa = PBXFileReference; explicitFileType = "compiled.mach-o.executable"; includeInIndex = 0; path = lesson2; sourceTree = BUILT_PRODUCTS_DIR; };
		058F577E2B40309900DB0600 /* main.m */ = {isa = PBXFileReference; lastKnownFileType = sourcecode.c.objc; path = main.m; sourceTree = "<group>"; };
		058F57862B40500800DB0600 /* Figure.h */ = {isa = PBXFileReference; lastKnownFileType = sourcecode.c.h; path = Figure.h; sourceTree = "<group>"; };
		058F57872B40500800DB0600 /* Figure.m */ = {isa = PBXFileReference; lastKnownFileType = sourcecode.c.objc; path = Figure.m; sourceTree = "<group>"; };
		058F578A2B40515400DB0600 /* Rectangle.h */ = {isa = PBXFileReference; lastKnownFileType = sourcecode.c.h; path = Rectangle.h; sourceTree = "<group>"; };
		058F578B2B40515400DB0600 /* Rectangle.m */ = {isa = PBXFileReference; lastKnownFileType = sourcecode.c.objc; path = Rectangle.m; sourceTree = "<group>"; };
		058F578E2B4052C600DB0600 /* Circle.h */ = {isa = PBXFileReference; lastKnownFileType = sourcecode.c.h; path = Circle.h; sourceTree = "<group>"; };
		058F578F2B4052C600DB0600 /* Circle.m */ = {isa = PBXFileReference; lastKnownFileType = sourcecode.c.objc; path = Circle.m; sourceTree = "<group>"; };
		058F57922B40541700DB0600 /* Triangle.h */ = {isa = PBXFileReference; lastKnownFileType = sourcecode.c.h; path = Triangle.h; sourceTree = "<group>"; };
		058F57932B40541700DB0600 /* Triangle.m */ = {isa = PBXFileReference; lastKnownFileType = sourcecode.c.objc; path = Triangle.m; sourceTree = "<group>"; };
/* End PBXFileReference section */

/* Begin PBXFrameworksBuildPhase section */
		058F57782B40309900DB0600 /* Frameworks */ = {
			isa = PBXFrameworksBuildPhase;
			buildActionMask = 2147483647;
			files = (
			);
			runOnlyForDeploymentPostprocessing = 0;
		};
/* End PBXFrameworksBuildPhase section */

/* Begin PBXGroup section */
		058F57722B40309900DB0600 = {
			isa = PBXGroup;
			children = (
				058F577D2B40309900DB0600 /* lesson2 */,
				058F577C2B40309900DB0600 /* Products */,
			);
			sourceTree = "<group>";
		};
		058F577C2B40309900DB0600 /* Products */ = {
			isa = PBXGroup;
			children = (
				058F577B2B40309900DB0600 /* lesson2 */,
			);
			name = Products;
			sourceTree = "<group>";
		};
		058F577D2B40309900DB0600 /* lesson2 */ = {
			isa = PBXGroup;
			children = (
				058F577E2B40309900DB0600 /* main.m */,
				058F57862B40500800DB0600 /* Figure.h */,
				058F57872B40500800DB0600 /* Figure.m */,
				058F578A2B40515400DB0600 /* Rectangle.h */,
				058F578B2B40515400DB0600 /* Rectangle.m */,
				058F578E2B4052C600DB0600 /* Circle.h */,
				058F578F2B4052C600DB0600 /* Circle.m */,
				058F57922B40541700DB0600 /* Triangle.h */,
				058F57932B40541700DB0600 /* Triangle.m */,
			);
			path = lesson2;
			sourceTree = "<group>";
		};
/* End PBXGroup section */

/* Begin PBXNativeTarget section */
		058F577A2B40309900DB0600 /* lesson2 */ = {
			isa = PBXNativeTarget;
			buildConfigurationList = 058F57822B40309900DB0600 /* Build configuration list for PBXNativeTarget "lesson2" */;
			buildPhases = (
				058F57772B40309900DB0600 /* Sources */,
				058F57782B40309900DB0600 /* Frameworks */,
				058F57792B40309900DB0600 /* CopyFiles */,
			);
			buildRules = (
			);
			dependencies = (
			);
			name = lesson2;
			productName = lesson2;
			productReference = 058F577B2B40309900DB0600 /* lesson2 */;
			productType = "com.apple.product-type.tool";
		};
/* End PBXNativeTarget section */

/* Begin PBXProject section */
		058F57732B40309900DB0600 /* Project object */ = {
			isa = PBXProject;
			attributes = {
				LastUpgradeCheck = 1240;
				TargetAttributes = {
					058F577A2B40309900DB0600 = {
						CreatedOnToolsVersion = 12.4;
					};
				};
			};
			buildConfigurationList = 058F57762B40309900DB0600 /* Build configuration list for PBXProject "lesson2" */;
			compatibilityVersion = "Xcode 9.3";
			developmentRegion = en;
			hasScannedForEncodings = 0;
			knownRegions = (
				en,
				Base,
			);
			mainGroup = 058F57722B40309900DB0600;
			productRefGroup = 058F577C2B40309900DB0600 /* Products */;
			projectDirPath = "";
			projectRoot = "";
			targets = (
				058F577A2B40309900DB0600 /* lesson2 */,
			);
		};
/* End PBXProject section */

/* Begin PBXSourcesBuildPhase section */
		058F57772B40309900DB0600 /* Sources */ = {
			isa = PBXSourcesBuildPhase;
			buildActionMask = 2147483647;
			files = (
				058F57942B40541700DB0600 /* Triangle.m in Sources */,
				058F577F2B40309900DB0600 /* main.m in Sources */,
				058F57902B4052C600DB0600 /* Circle.m in Sources */,
				058F57882B40500800DB0600 /* Figure.m in Sources */,
				058F578C2B40515400DB0600 /* Rectangle.m in Sources */,
			);
			runOnlyForDeploymentPostprocessing = 0;
		};
/* End PBXSourcesBuildPhase section */

/* Begin XCBuildConfiguration section */
		058F57802B40309900DB0600 /* Debug */ = {
			isa = XCBuildConfiguration;
			buildSettings = {
				ALWAYS_SEARCH_USER_PATHS = NO;
				CLANG_ANALYZER_NONNULL = YES;
				CLANG_ANALYZER_NUMBER_OBJECT_CONVERSION = YES_AGGRESSIVE;
				CLANG_CXX_LANGUAGE_STANDARD = "gnu++14";
				CLANG_CXX_LIBRARY = "libc++";
				CLANG_ENABLE_MODULES = YES;
				CLANG_ENABLE_OBJC_ARC = YES;
				CLANG_ENABLE_OBJC_WEAK = YES;
				CLANG_WARN_BLOCK_CAPTURE_AUTORELEASING = YES;
				CLANG_WARN_BOOL_CONVERSION = YES;
				CLANG_WARN_COMMA = YES;
				CLANG_WARN_CONSTANT_CONVERSION = YES;
				CLANG_WARN_DEPRECATED_OBJC_IMPLEMENTATIONS = YES;
				CLANG_WARN_DIRECT_OBJC_ISA_USAGE = YES_ERROR;
				CLANG_WARN_DOCUMENTATION_COMMENTS = YES;
				CLANG_WARN_EMPTY_BODY = YES;
				CLANG_WARN_ENUM_CONVERSION = YES;
				CLANG_WARN_INFINITE_RECURSION = YES;
				CLANG_WARN_INT_CONVERSION = YES;
				CLANG_WARN_NON_LITERAL_NULL_CONVERSION = YES;
				CLANG_WARN_OBJC_IMPLICIT_RETAIN_SELF = YES;
				CLANG_WARN_OBJC_LITERAL_CONVERSION = YES;
				CLANG_WARN_OBJC_ROOT_CLASS = YES_ERROR;
				CLANG_WARN_QUOTED_INCLUDE_IN_FRAMEWORK_HEADER = YES;
				CLANG_WARN_RANGE_LOOP_ANALYSIS = YES;
				CLANG_WARN_STRICT_PROTOTYPES = YES;
				CLANG_WARN_SUSPICIOUS_MOVE = YES;
				CLANG_WARN_UNGUARDED_AVAILABILITY = YES_AGGRESSIVE;
				CLANG_WARN_UNREACHABLE_CODE = YES;
				CLANG_WARN__DUPLICATE_METHOD_MATCH = YES;
				COPY_PHASE_STRIP = NO;
				DEBUG_INFORMATION_FORMAT = dwarf;
				ENABLE_STRICT_OBJC_MSGSEND = YES;
				ENABLE_TESTABILITY = YES;
				GCC_C_LANGUAGE_STANDARD = gnu11;
				GCC_DYNAMIC_NO_PIC = NO;
				GCC_NO_COMMON_BLOCKS = YES;
				GCC_OPTIMIZATION_LEVEL = 0;
				GCC_PREPROCESSOR_DEFINITIONS = (
					"DEBUG=1",
					"$(inherited)",
				);
				GCC_WARN_64_TO_32_BIT_CONVERSION = YES;
				GCC_WARN_ABOUT_RETURN_TYPE = YES_ERROR;
				GCC_WARN_UNDECLARED_SELECTOR = YES;
				GCC_WARN_UNINITIALIZED_AUTOS = YES_AGGRESSIVE;
				GCC_WARN_UNUSED_FUNCTION = YES;
				GCC_WARN_UNUSED_VARIABLE = YES;
				MACOSX_DEPLOYMENT_TARGET = 10.15;
				MTL_ENABLE_DEBUG_INFO = INCLUDE_SOURCE;
				MTL_FAST_MATH = YES;
				ONLY_ACTIVE_ARCH = YES;
				SDKROOT = macosx;
			};
			name = Debug;
		};
		058F57812B40309900DB0600 /* Release */ = {
			isa = XCBuildConfiguration;
			buildSettings = {
				ALWAYS_SEARCH_USER_PATHS = NO;
				CLANG_ANALYZER_NONNULL = YES;
				CLANG_ANALYZER_NUMBER_OBJECT_CONVERSION = YES_AGGRESSIVE;
				CLANG_CXX_LANGUAGE_STANDARD = "gnu++14";
				CLANG_CXX_LIBRARY = "libc++";
				CLANG_ENABLE_MODULES = YES;
				CLANG_ENABLE_OBJC_ARC = YES;
				CLANG_ENABLE_OBJC_WEAK = YES;
				CLANG_WARN_BLOCK_CAPTURE_AUTORELEASING = YES;
				CLANG_WARN_BOOL_CONVERSION = YES;
				CLANG_WARN_COMMA = YES;
				CLANG_WARN_CONSTANT_CONVERSION = YES;
				CLANG_WARN_DEPRECATED_OBJC_IMPLEMENTATIONS = YES;
				CLANG_WARN_DIRECT_OBJC_ISA_USAGE = YES_ERROR;
				CLANG_WARN_DOCUMENTATION_COMMENTS = YES;
				CLANG_WARN_EMPTY_BODY = YES;
				CLANG_WARN_ENUM_CONVERSION = YES;
				CLANG_WARN_INFINITE_RECURSION = YES;
				CLANG_WARN_INT_CONVERSION = YES;
				CLANG_WARN_NON_LITERAL_NULL_CONVERSION = YES;
				CLANG_WARN_OBJC_IMPLICIT_RETAIN_SELF = YES;
				CLANG_WARN_OBJC_LITERAL_CONVERSION = YES;
				CLANG_WARN_OBJC_ROOT_CLASS = YES_ERROR;
				CLANG_WARN_QUOTED_INCLUDE_IN_FRAMEWORK_HEADER = YES;
				CLANG_WARN_RANGE_LOOP_ANALYSIS = YES;
				CLANG_WARN_STRICT_PROTOTYPES = YES;
				CLANG_WARN_SUSPICIOUS_MOVE = YES;
				CLANG_WARN_UNGUARDED_AVAILABILITY = YES_AGGRESSIVE;
				CLANG_WARN_UNREACHABLE_CODE = YES;
				CLANG_WARN__DUPLICATE_METHOD_MATCH = YES;
				COPY_PHASE_STRIP = NO;
				DEBUG_INFORMATION_FORMAT = "dwarf-with-dsym";
				ENABLE_NS_ASSERTIONS = NO;
				ENABLE_STRICT_OBJC_MSGSEND = YES;
				GCC_C_LANGUAGE_STANDARD = gnu11;
				GCC_NO_COMMON_BLOCKS = YES;
				GCC_WARN_64_TO_32_BIT_CONVERSION = YES;
				GCC_WARN_ABOUT_RETURN_TYPE = YES_ERROR;
				GCC_WARN_UNDECLARED_SELECTOR = YES;
				GCC_WARN_UNINITIALIZED_AUTOS = YES_AGGRESSIVE;
				GCC_WARN_UNUSED_FUNCTION = YES;
				GCC_WARN_UNUSED_VARIABLE = YES;
				MACOSX_DEPLOYMENT_TARGET = 10.15;
				MTL_ENABLE_DEBUG_INFO = NO;
				MTL_FAST_MATH = YES;
				SDKROOT = macosx;
			};
			name = Release;
		};
		058F57832B40309900DB0600 /* Debug */ = {
			isa = XCBuildConfiguration;
			buildSettings = {
				CODE_SIGN_STYLE = Automatic;
				PRODUCT_NAME = "$(TARGET_NAME)";
			};
			name = Debug;
		};
		058F57842B40309900DB0600 /* Release */ = {
			isa = XCBuildConfiguration;
			buildSettings = {
				CODE_SIGN_STYLE = Automatic;
				PRODUCT_NAME = "$(TARGET_NAME)";
			};
			name = Release;
		};
/* End XCBuildConfiguration section */

/* Begin XCConfigurationList section */
		058F57762B40309900DB0600 /* Build configuration list for PBXProject "lesson2" */ = {
			isa = XCConfigurationList;
			buildConfigurations = (
				058F57802B40309900DB0600 /* Debug */,
				058F57812B40309900DB0600 /* Release */,
			);
			defaultConfigurationIsVisible = 0;
			defaultConfigurationName = Release;
		};
		058F57822B40309900DB0600 /* Build configuration list for PBXNativeTarget "lesson2" */ = {
			isa = XCConfigurationList;
			buildConfigurations = (
				058F57832B40309900DB0600 /* Debug */,
				058F57842B40309900DB0600 /* Release */,
			);
			defaultConfigurationIsVisible = 0;
			defaultConfigurationName = Release;
		};
/* End XCConfigurationList section */
	};
	rootObject = 058F57732B40309900DB0600 /* Project object */;
}
