// !$*UTF8*$!
{
	archiveVersion = 1;
	classes = {
	};
	objectVersion = 50;
	objects = {

/* Begin PBXBuildFile section */
		053594C32B5D1CB5009D4A57 /* AppDelegate.m in Sources */ = {isa = PBXBuildFile; fileRef = 053594C22B5D1CB5009D4A57 /* AppDelegate.m */; };
		053594CC2B5D1CB5009D4A57 /* Main.storyboard in Resources */ = {isa = PBXBuildFile; fileRef = 053594CA2B5D1CB5009D4A57 /* Main.storyboard */; };
		053594CE2B5D1CBD009D4A57 /* Assets.xcassets in Resources */ = {isa = PBXBuildFile; fileRef = 053594CD2B5D1CBD009D4A57 /* Assets.xcassets */; };
		053594D12B5D1CBD009D4A57 /* LaunchScreen.storyboard in Resources */ = {isa = PBXBuildFile; fileRef = 053594CF2B5D1CBD009D4A57 /* LaunchScreen.storyboard */; };
		053594D42B5D1CBD009D4A57 /* main.m in Sources */ = {isa = PBXBuildFile; fileRef = 053594D32B5D1CBD009D4A57 /* main.m */; };
		053594E62B5D1DB9009D4A57 /* ViewController.m in Sources */ = {isa = PBXBuildFile; fileRef = 053594E52B5D1DB9009D4A57 /* ViewController.m */; };
		053594E92B5D1DC2009D4A57 /* SceneDelegate.m in Sources */ = {isa = PBXBuildFile; fileRef = 053594E82B5D1DC2009D4A57 /* SceneDelegate.m */; };
		05740CF82B5D2AD1008C612D /* Robot.m in Sources */ = {isa = PBXBuildFile; fileRef = 05740CF72B5D2AD1008C612D /* Robot.m */; };
/* End PBXBuildFile section */

/* Begin PBXFileReference section */
		053594BE2B5D1CB5009D4A57 /* lesson6.app */ = {isa = PBXFileReference; explicitFileType = wrapper.application; includeInIndex = 0; path = lesson6.app; sourceTree = BUILT_PRODUCTS_DIR; };
		053594C12B5D1CB5009D4A57 /* AppDelegate.h */ = {isa = PBXFileReference; lastKnownFileType = sourcecode.c.h; path = AppDelegate.h; sourceTree = "<group>"; };
		053594C22B5D1CB5009D4A57 /* AppDelegate.m */ = {isa = PBXFileReference; lastKnownFileType = sourcecode.c.objc; path = AppDelegate.m; sourceTree = "<group>"; };
		053594C42B5D1CB5009D4A57 /* SceneDelegate.h */ = {isa = PBXFileReference; lastKnownFileType = sourcecode.c.h; path = SceneDelegate.h; sourceTree = "<group>"; };
		053594CB2B5D1CB5009D4A57 /* Base */ = {isa = PBXFileReference; lastKnownFileType = file.storyboard; name = Base; path = Base.lproj/Main.storyboard; sourceTree = "<group>"; };
		053594CD2B5D1CBD009D4A57 /* Assets.xcassets */ = {isa = PBXFileReference; lastKnownFileType = folder.assetcatalog; path = Assets.xcassets; sourceTree = "<group>"; };
		053594D02B5D1CBD009D4A57 /* Base */ = {isa = PBXFileReference; lastKnownFileType = file.storyboard; name = Base; path = Base.lproj/LaunchScreen.storyboard; sourceTree = "<group>"; };
		053594D22B5D1CBD009D4A57 /* Info.plist */ = {isa = PBXFileReference; lastKnownFileType = text.plist.xml; path = Info.plist; sourceTree = "<group>"; };
		053594D32B5D1CBD009D4A57 /* main.m */ = {isa = PBXFileReference; lastKnownFileType = sourcecode.c.objc; path = main.m; sourceTree = "<group>"; };
		053594E42B5D1DB9009D4A57 /* ViewController.h */ = {isa = PBXFileReference; fileEncoding = 4; lastKnownFileType = sourcecode.c.h; path = ViewController.h; sourceTree = "<group>"; };
		053594E52B5D1DB9009D4A57 /* ViewController.m */ = {isa = PBXFileReference; fileEncoding = 4; lastKnownFileType = sourcecode.c.objc; path = ViewController.m; sourceTree = "<group>"; };
		053594E82B5D1DC2009D4A57 /* SceneDelegate.m */ = {isa = PBXFileReference; fileEncoding = 4; lastKnownFileType = sourcecode.c.objc; path = SceneDelegate.m; sourceTree = "<group>"; };
		05740CF62B5D2AD1008C612D /* Robot.h */ = {isa = PBXFileReference; fileEncoding = 4; lastKnownFileType = sourcecode.c.h; path = Robot.h; sourceTree = "<group>"; };
		05740CF72B5D2AD1008C612D /* Robot.m */ = {isa = PBXFileReference; fileEncoding = 4; lastKnownFileType = sourcecode.c.objc; path = Robot.m; sourceTree = "<group>"; };
/* End PBXFileReference section */

/* Begin PBXFrameworksBuildPhase section */
		053594BB2B5D1CB5009D4A57 /* Frameworks */ = {
			isa = PBXFrameworksBuildPhase;
			buildActionMask = 2147483647;
			files = (
			);
			runOnlyForDeploymentPostprocessing = 0;
		};
/* End PBXFrameworksBuildPhase section */

/* Begin PBXGroup section */
		053594B52B5D1CB5009D4A57 = {
			isa = PBXGroup;
			children = (
				053594C02B5D1CB5009D4A57 /* lesson6 */,
				053594BF2B5D1CB5009D4A57 /* Products */,
			);
			sourceTree = "<group>";
		};
		053594BF2B5D1CB5009D4A57 /* Products */ = {
			isa = PBXGroup;
			children = (
				053594BE2B5D1CB5009D4A57 /* lesson6.app */,
			);
			name = Products;
			sourceTree = "<group>";
		};
		053594C02B5D1CB5009D4A57 /* lesson6 */ = {
			isa = PBXGroup;
			children = (
				053594C12B5D1CB5009D4A57 /* AppDelegate.h */,
				053594C22B5D1CB5009D4A57 /* AppDelegate.m */,
				053594C42B5D1CB5009D4A57 /* SceneDelegate.h */,
				053594E82B5D1DC2009D4A57 /* SceneDelegate.m */,
				053594E42B5D1DB9009D4A57 /* ViewController.h */,
				053594E52B5D1DB9009D4A57 /* ViewController.m */,
				053594CA2B5D1CB5009D4A57 /* Main.storyboard */,
				053594CD2B5D1CBD009D4A57 /* Assets.xcassets */,
				053594CF2B5D1CBD009D4A57 /* LaunchScreen.storyboard */,
				053594D22B5D1CBD009D4A57 /* Info.plist */,
				053594D32B5D1CBD009D4A57 /* main.m */,
				05740CF62B5D2AD1008C612D /* Robot.h */,
				05740CF72B5D2AD1008C612D /* Robot.m */,
			);
			path = lesson6;
			sourceTree = "<group>";
		};
/* End PBXGroup section */

/* Begin PBXNativeTarget section */
		053594BD2B5D1CB5009D4A57 /* lesson6 */ = {
			isa = PBXNativeTarget;
			buildConfigurationList = 053594D72B5D1CBD009D4A57 /* Build configuration list for PBXNativeTarget "lesson6" */;
			buildPhases = (
				053594BA2B5D1CB5009D4A57 /* Sources */,
				053594BB2B5D1CB5009D4A57 /* Frameworks */,
				053594BC2B5D1CB5009D4A57 /* Resources */,
			);
			buildRules = (
			);
			dependencies = (
			);
			name = lesson6;
			productName = lesson6;
			productReference = 053594BE2B5D1CB5009D4A57 /* lesson6.app */;
			productType = "com.apple.product-type.application";
		};
/* End PBXNativeTarget section */

/* Begin PBXProject section */
		053594B62B5D1CB5009D4A57 /* Project object */ = {
			isa = PBXProject;
			attributes = {
				LastUpgradeCheck = 1240;
				TargetAttributes = {
					053594BD2B5D1CB5009D4A57 = {
						CreatedOnToolsVersion = 12.4;
					};
				};
			};
			buildConfigurationList = 053594B92B5D1CB5009D4A57 /* Build configuration list for PBXProject "lesson6" */;
			compatibilityVersion = "Xcode 9.3";
			developmentRegion = en;
			hasScannedForEncodings = 0;
			knownRegions = (
				en,
				Base,
			);
			mainGroup = 053594B52B5D1CB5009D4A57;
			productRefGroup = 053594BF2B5D1CB5009D4A57 /* Products */;
			projectDirPath = "";
			projectRoot = "";
			targets = (
				053594BD2B5D1CB5009D4A57 /* lesson6 */,
			);
		};
/* End PBXProject section */

/* Begin PBXResourcesBuildPhase section */
		053594BC2B5D1CB5009D4A57 /* Resources */ = {
			isa = PBXResourcesBuildPhase;
			buildActionMask = 2147483647;
			files = (
				053594D12B5D1CBD009D4A57 /* LaunchScreen.storyboard in Resources */,
				053594CE2B5D1CBD009D4A57 /* Assets.xcassets in Resources */,
				053594CC2B5D1CB5009D4A57 /* Main.storyboard in Resources */,
			);
			runOnlyForDeploymentPostprocessing = 0;
		};
/* End PBXResourcesBuildPhase section */

/* Begin PBXSourcesBuildPhase section */
		053594BA2B5D1CB5009D4A57 /* Sources */ = {
			isa = PBXSourcesBuildPhase;
			buildActionMask = 2147483647;
			files = (
				053594E62B5D1DB9009D4A57 /* ViewController.m in Sources */,
				053594C32B5D1CB5009D4A57 /* AppDelegate.m in Sources */,
				053594D42B5D1CBD009D4A57 /* main.m in Sources */,
				053594E92B5D1DC2009D4A57 /* SceneDelegate.m in Sources */,
				05740CF82B5D2AD1008C612D /* Robot.m in Sources */,
			);
			runOnlyForDeploymentPostprocessing = 0;
		};
/* End PBXSourcesBuildPhase section */

/* Begin PBXVariantGroup section */
		053594CA2B5D1CB5009D4A57 /* Main.storyboard */ = {
			isa = PBXVariantGroup;
			children = (
				053594CB2B5D1CB5009D4A57 /* Base */,
			);
			name = Main.storyboard;
			sourceTree = "<group>";
		};
		053594CF2B5D1CBD009D4A57 /* LaunchScreen.storyboard */ = {
			isa = PBXVariantGroup;
			children = (
				053594D02B5D1CBD009D4A57 /* Base */,
			);
			name = LaunchScreen.storyboard;
			sourceTree = "<group>";
		};
/* End PBXVariantGroup section */

/* Begin XCBuildConfiguration section */
		053594D52B5D1CBD009D4A57 /* Debug */ = {
			isa = XCBuildConfiguration;
			buildSettings = {
				ALWAYS_SEARCH_USER_PATHS = NO;
				CLANG_ANALYZER_NONNULL = YES;
				CLANG_ANALYZER_NUMBER_OBJECT_CONVERSION = YES_AGGRESSIVE;
				CLANG_CXX_LANGUAGE_STANDARD = "gnu++14";
				CLANG_CXX_LIBRARY = "libc++";
				CLANG_ENABLE_MODULES = YES;
				CLANG_ENABLE_OBJC_ARC = YES;
				CLANG_ENABLE_OBJC_WEAK = YES;
				CLANG_WARN_BLOCK_CAPTURE_AUTORELEASING = YES;
				CLANG_WARN_BOOL_CONVERSION = YES;
				CLANG_WARN_COMMA = YES;
				CLANG_WARN_CONSTANT_CONVERSION = YES;
				CLANG_WARN_DEPRECATED_OBJC_IMPLEMENTATIONS = YES;
				CLANG_WARN_DIRECT_OBJC_ISA_USAGE = YES_ERROR;
				CLANG_WARN_DOCUMENTATION_COMMENTS = YES;
				CLANG_WARN_EMPTY_BODY = YES;
				CLANG_WARN_ENUM_CONVERSION = YES;
				CLANG_WARN_INFINITE_RECURSION = YES;
				CLANG_WARN_INT_CONVERSION = YES;
				CLANG_WARN_NON_LITERAL_NULL_CONVERSION = YES;
				CLANG_WARN_OBJC_IMPLICIT_RETAIN_SELF = YES;
				CLANG_WARN_OBJC_LITERAL_CONVERSION = YES;
				CLANG_WARN_OBJC_ROOT_CLASS = YES_ERROR;
				CLANG_WARN_QUOTED_INCLUDE_IN_FRAMEWORK_HEADER = YES;
				CLANG_WARN_RANGE_LOOP_ANALYSIS = YES;
				CLANG_WARN_STRICT_PROTOTYPES = YES;
				CLANG_WARN_SUSPICIOUS_MOVE = YES;
				CLANG_WARN_UNGUARDED_AVAILABILITY = YES_AGGRESSIVE;
				CLANG_WARN_UNREACHABLE_CODE = YES;
				CLANG_WARN__DUPLICATE_METHOD_MATCH = YES;
				COPY_PHASE_STRIP = NO;
				DEBUG_INFORMATION_FORMAT = dwarf;
				ENABLE_STRICT_OBJC_MSGSEND = YES;
				ENABLE_TESTABILITY = YES;
				GCC_C_LANGUAGE_STANDARD = gnu11;
				GCC_DYNAMIC_NO_PIC = NO;
				GCC_NO_COMMON_BLOCKS = YES;
				GCC_OPTIMIZATION_LEVEL = 0;
				GCC_PREPROCESSOR_DEFINITIONS = (
					"DEBUG=1",
					"$(inherited)",
				);
				GCC_WARN_64_TO_32_BIT_CONVERSION = YES;
				GCC_WARN_ABOUT_RETURN_TYPE = YES_ERROR;
				GCC_WARN_UNDECLARED_SELECTOR = YES;
				GCC_WARN_UNINITIALIZED_AUTOS = YES_AGGRESSIVE;
				GCC_WARN_UNUSED_FUNCTION = YES;
				GCC_WARN_UNUSED_VARIABLE = YES;
				IPHONEOS_DEPLOYMENT_TARGET = 14.4;
				MTL_ENABLE_DEBUG_INFO = INCLUDE_SOURCE;
				MTL_FAST_MATH = YES;
				ONLY_ACTIVE_ARCH = YES;
				SDKROOT = iphoneos;
			};
			name = Debug;
		};
		053594D62B5D1CBD009D4A57 /* Release */ = {
			isa = XCBuildConfiguration;
			buildSettings = {
				ALWAYS_SEARCH_USER_PATHS = NO;
				CLANG_ANALYZER_NONNULL = YES;
				CLANG_ANALYZER_NUMBER_OBJECT_CONVERSION = YES_AGGRESSIVE;
				CLANG_CXX_LANGUAGE_STANDARD = "gnu++14";
				CLANG_CXX_LIBRARY = "libc++";
				CLANG_ENABLE_MODULES = YES;
				CLANG_ENABLE_OBJC_ARC = YES;
				CLANG_ENABLE_OBJC_WEAK = YES;
				CLANG_WARN_BLOCK_CAPTURE_AUTORELEASING = YES;
				CLANG_WARN_BOOL_CONVERSION = YES;
				CLANG_WARN_COMMA = YES;
				CLANG_WARN_CONSTANT_CONVERSION = YES;
				CLANG_WARN_DEPRECATED_OBJC_IMPLEMENTATIONS = YES;
				CLANG_WARN_DIRECT_OBJC_ISA_USAGE = YES_ERROR;
				CLANG_WARN_DOCUMENTATION_COMMENTS = YES;
				CLANG_WARN_EMPTY_BODY = YES;
				CLANG_WARN_ENUM_CONVERSION = YES;
				CLANG_WARN_INFINITE_RECURSION = YES;
				CLANG_WARN_INT_CONVERSION = YES;
				CLANG_WARN_NON_LITERAL_NULL_CONVERSION = YES;
				CLANG_WARN_OBJC_IMPLICIT_RETAIN_SELF = YES;
				CLANG_WARN_OBJC_LITERAL_CONVERSION = YES;
				CLANG_WARN_OBJC_ROOT_CLASS = YES_ERROR;
				CLANG_WARN_QUOTED_INCLUDE_IN_FRAMEWORK_HEADER = YES;
				CLANG_WARN_RANGE_LOOP_ANALYSIS = YES;
				CLANG_WARN_STRICT_PROTOTYPES = YES;
				CLANG_WARN_SUSPICIOUS_MOVE = YES;
				CLANG_WARN_UNGUARDED_AVAILABILITY = YES_AGGRESSIVE;
				CLANG_WARN_UNREACHABLE_CODE = YES;
				CLANG_WARN__DUPLICATE_METHOD_MATCH = YES;
				COPY_PHASE_STRIP = NO;
				DEBUG_INFORMATION_FORMAT = "dwarf-with-dsym";
				ENABLE_NS_ASSERTIONS = NO;
				ENABLE_STRICT_OBJC_MSGSEND = YES;
				GCC_C_LANGUAGE_STANDARD = gnu11;
				GCC_NO_COMMON_BLOCKS = YES;
				GCC_WARN_64_TO_32_BIT_CONVERSION = YES;
				GCC_WARN_ABOUT_RETURN_TYPE = YES_ERROR;
				GCC_WARN_UNDECLARED_SELECTOR = YES;
				GCC_WARN_UNINITIALIZED_AUTOS = YES_AGGRESSIVE;
				GCC_WARN_UNUSED_FUNCTION = YES;
				GCC_WARN_UNUSED_VARIABLE = YES;
				IPHONEOS_DEPLOYMENT_TARGET = 14.4;
				MTL_ENABLE_DEBUG_INFO = NO;
				MTL_FAST_MATH = YES;
				SDKROOT = iphoneos;
				VALIDATE_PRODUCT = YES;
			};
			name = Release;
		};
		053594D82B5D1CBD009D4A57 /* Debug */ = {
			isa = XCBuildConfiguration;
			buildSettings = {
				ASSETCATALOG_COMPILER_APPICON_NAME = AppIcon;
				ASSETCATALOG_COMPILER_GLOBAL_ACCENT_COLOR_NAME = AccentColor;
				CODE_SIGN_STYLE = Automatic;
				INFOPLIST_FILE = lesson6/Info.plist;
				LD_RUNPATH_SEARCH_PATHS = (
					"$(inherited)",
					"@executable_path/Frameworks",
				);
				PRODUCT_BUNDLE_IDENTIFIER = great.lesson6;
				PRODUCT_NAME = "$(TARGET_NAME)";
				TARGETED_DEVICE_FAMILY = "1,2";
			};
			name = Debug;
		};
		053594D92B5D1CBD009D4A57 /* Release */ = {
			isa = XCBuildConfiguration;
			buildSettings = {
				ASSETCATALOG_COMPILER_APPICON_NAME = AppIcon;
				ASSETCATALOG_COMPILER_GLOBAL_ACCENT_COLOR_NAME = AccentColor;
				CODE_SIGN_STYLE = Automatic;
				INFOPLIST_FILE = lesson6/Info.plist;
				LD_RUNPATH_SEARCH_PATHS = (
					"$(inherited)",
					"@executable_path/Frameworks",
				);
				PRODUCT_BUNDLE_IDENTIFIER = great.lesson6;
				PRODUCT_NAME = "$(TARGET_NAME)";
				TARGETED_DEVICE_FAMILY = "1,2";
			};
			name = Release;
		};
/* End XCBuildConfiguration section */

/* Begin XCConfigurationList section */
		053594B92B5D1CB5009D4A57 /* Build configuration list for PBXProject "lesson6" */ = {
			isa = XCConfigurationList;
			buildConfigurations = (
				053594D52B5D1CBD009D4A57 /* Debug */,
				053594D62B5D1CBD009D4A57 /* Release */,
			);
			defaultConfigurationIsVisible = 0;
			defaultConfigurationName = Release;
		};
		053594D72B5D1CBD009D4A57 /* Build configuration list for PBXNativeTarget "lesson6" */ = {
			isa = XCConfigurationList;
			buildConfigurations = (
				053594D82B5D1CBD009D4A57 /* Debug */,
				053594D92B5D1CBD009D4A57 /* Release */,
			);
			defaultConfigurationIsVisible = 0;
			defaultConfigurationName = Release;
		};
/* End XCConfigurationList section */
	};
	rootObject = 053594B62B5D1CB5009D4A57 /* Project object */;
}
